
Microsoft Visual Studio Solution File, Format Version 12.00
# Visual Studio Version 17
VisualStudioVersion = 17.2.32210.308
MinimumVisualStudioVersion = 10.0.40219.1
Project("{9A19103F-16F7-4668-BE54-9A1E7A4F7556}") = "q1", "PBKK-1\q1.csproj", "{F3DDDD65-1265-41BB-BC96-9B895A1A3425}"
EndProject
Global
	GlobalSection(SolutionConfigurationPlatforms) = preSolution
		Debug|Any CPU = Debug|Any CPU
		Release|Any CPU = Release|Any CPU
	EndGlobalSection
	GlobalSection(ProjectConfigurationPlatforms) = postSolution
		{F3DDDD65-1265-41BB-BC96-9B895A1A3425}.Debug|Any CPU.ActiveCfg = Debug|Any CPU
		{F3DDDD65-1265-41BB-BC96-9B895A1A3425}.Debug|Any CPU.Build.0 = Debug|Any CPU
		{F3DDDD65-1265-41BB-BC96-9B895A1A3425}.Release|Any CPU.ActiveCfg = Release|Any CPU
		{F3DDDD65-1265-41BB-BC96-9B895A1A3425}.Release|Any CPU.Build.0 = Release|Any CPU
	EndGlobalSection
	GlobalSection(SolutionProperties) = preSolution
		HideSolutionNode = FALSE
	EndGlobalSection
	GlobalSection(ExtensibilityGlobals) = postSolution
		SolutionGuid = {C3962797-81FD-4A2C-B947-FADAD176FC1F}
	EndGlobalSection
EndGlobal
